
Microsoft Visual Studio Solution File, Format Version 12.00
# Visual Studio Version 16
VisualStudioVersion = 16.0.29411.108
MinimumVisualStudioVersion = 10.0.40219.1
Project("{2150E333-8FDC-42A3-9474-1A3956D46DE8}") = "src", "src", "{622F89F0-75F9-4068-A794-099462027048}"
EndProject
Project("{9A19103F-16F7-4668-BE54-9A1E7A4F7556}") = "Hades.Server", "src\Hades.Server\Hades.Server.csproj", "{FB123448-F3A6-4003-9E3C-4F4261ED95E2}"
EndProject
Project("{9A19103F-16F7-4668-BE54-9A1E7A4F7556}") = "Hades.Shared", "src\Hades.Shared\Hades.Shared.csproj", "{9C7DD738-33CB-4449-B480-06EB5F772E84}"
EndProject
Project("{9A19103F-16F7-4668-BE54-9A1E7A4F7556}") = "Hades.Client", "src\Hades.Client\Hades.Client.csproj", "{AC85A678-0DC7-4678-8CBE-5E0FBF455683}"
EndProject
Project("{2150E333-8FDC-42A3-9474-1A3956D46DE8}") = "tests", "tests", "{9C1751E7-4E6F-47B4-9912-C4DEA3505F51}"
EndProject
Project("{FAE04EC0-301F-11D3-BF4B-00C04F79EFBC}") = "Hades.IntegrationTests", "tests\Hades.IntegrationTests\Hades.IntegrationTests.csproj", "{C30380CC-6026-4327-8887-6C9D6EF62602}"
EndProject
Global
	GlobalSection(SolutionConfigurationPlatforms) = preSolution
		Debug|Any CPU = Debug|Any CPU
		Release|Any CPU = Release|Any CPU
	EndGlobalSection
	GlobalSection(ProjectConfigurationPlatforms) = postSolution
		{FB123448-F3A6-4003-9E3C-4F4261ED95E2}.Debug|Any CPU.ActiveCfg = Debug|Any CPU
		{FB123448-F3A6-4003-9E3C-4F4261ED95E2}.Debug|Any CPU.Build.0 = Debug|Any CPU
		{FB123448-F3A6-4003-9E3C-4F4261ED95E2}.Release|Any CPU.ActiveCfg = Release|Any CPU
		{FB123448-F3A6-4003-9E3C-4F4261ED95E2}.Release|Any CPU.Build.0 = Release|Any CPU
		{9C7DD738-33CB-4449-B480-06EB5F772E84}.Debug|Any CPU.ActiveCfg = Debug|Any CPU
		{9C7DD738-33CB-4449-B480-06EB5F772E84}.Debug|Any CPU.Build.0 = Debug|Any CPU
		{9C7DD738-33CB-4449-B480-06EB5F772E84}.Release|Any CPU.ActiveCfg = Release|Any CPU
		{9C7DD738-33CB-4449-B480-06EB5F772E84}.Release|Any CPU.Build.0 = Release|Any CPU
		{AC85A678-0DC7-4678-8CBE-5E0FBF455683}.Debug|Any CPU.ActiveCfg = Debug|Any CPU
		{AC85A678-0DC7-4678-8CBE-5E0FBF455683}.Debug|Any CPU.Build.0 = Debug|Any CPU
		{AC85A678-0DC7-4678-8CBE-5E0FBF455683}.Release|Any CPU.ActiveCfg = Release|Any CPU
		{AC85A678-0DC7-4678-8CBE-5E0FBF455683}.Release|Any CPU.Build.0 = Release|Any CPU
		{C30380CC-6026-4327-8887-6C9D6EF62602}.Debug|Any CPU.ActiveCfg = Debug|Any CPU
		{C30380CC-6026-4327-8887-6C9D6EF62602}.Debug|Any CPU.Build.0 = Debug|Any CPU
		{C30380CC-6026-4327-8887-6C9D6EF62602}.Release|Any CPU.ActiveCfg = Release|Any CPU
		{C30380CC-6026-4327-8887-6C9D6EF62602}.Release|Any CPU.Build.0 = Release|Any CPU
	EndGlobalSection
	GlobalSection(SolutionProperties) = preSolution
		HideSolutionNode = FALSE
	EndGlobalSection
	GlobalSection(NestedProjects) = preSolution
		{FB123448-F3A6-4003-9E3C-4F4261ED95E2} = {622F89F0-75F9-4068-A794-099462027048}
		{9C7DD738-33CB-4449-B480-06EB5F772E84} = {622F89F0-75F9-4068-A794-099462027048}
		{AC85A678-0DC7-4678-8CBE-5E0FBF455683} = {622F89F0-75F9-4068-A794-099462027048}
		{C30380CC-6026-4327-8887-6C9D6EF62602} = {9C1751E7-4E6F-47B4-9912-C4DEA3505F51}
	EndGlobalSection
	GlobalSection(ExtensibilityGlobals) = postSolution
		SolutionGuid = {FB119E7E-67F7-4367-AF25-96933B52F77A}
	EndGlobalSection
EndGlobal
